
Microsoft Visual Studio Solution File, Format Version 12.00
# Visual Studio 15
VisualStudioVersion = 15.0.28010.2016
MinimumVisualStudioVersion = 10.0.40219.1
Project("{9A19103F-16F7-4668-BE54-9A1E7A4F7556}") = "identity_server_1", "identity-server\identity_server_1.csproj", "{F96AE271-3DFA-45F5-A3B8-93DEEC0687CE}"
EndProject
Global
	GlobalSection(SolutionConfigurationPlatforms) = preSolution
		Debug|Any CPU = Debug|Any CPU
		Release|Any CPU = Release|Any CPU
	EndGlobalSection
	GlobalSection(ProjectConfigurationPlatforms) = postSolution
		{F96AE271-3DFA-45F5-A3B8-93DEEC0687CE}.Debug|Any CPU.ActiveCfg = Debug|Any CPU
		{F96AE271-3DFA-45F5-A3B8-93DEEC0687CE}.Debug|Any CPU.Build.0 = Debug|Any CPU
		{F96AE271-3DFA-45F5-A3B8-93DEEC0687CE}.Release|Any CPU.ActiveCfg = Release|Any CPU
		{F96AE271-3DFA-45F5-A3B8-93DEEC0687CE}.Release|Any CPU.Build.0 = Release|Any CPU
	EndGlobalSection
	GlobalSection(SolutionProperties) = preSolution
		HideSolutionNode = FALSE
	EndGlobalSection
	GlobalSection(ExtensibilityGlobals) = postSolution
		SolutionGuid = {B4842BFF-FF93-4601-A623-3E189B2C4483}
	EndGlobalSection
EndGlobal
